github.com/codegangsta/cli v1.18.1-0.20161113233518-b4f4786f378c h1:9ZZdTWHWRqEVg9LxfND5Jt/QYiVFIrzJZRYLaRNWDvk=
github.com/codegangsta/cli v1.18.1-0.20161113233518-b4f4786f378c/go.mod h1:/qJNoX69yVSKu5o4jLyXAENLRyk1uhi7zkbQ3slBdOA=
github.com/fatih/color v1.1.1-0.20161025120501-bf82308e8c85 h1:FvdRGnDEscqSP1EedtRtA83DFuWYR3Wv4EF9vlgCAdU=
github.com/fatih/color v1.1.1-0.20161025120501-bf82308e8c85/go.mod h1:Zm6kSWBoL9eyXnKyktHP6abPY2pDugNf5KwzbycvMj4=
github.com/jszwedko/go-circleci v0.0.0-20160911223459-615d5d968cf4 h1:M5yKysqPcWbUWbpGoSx+xoEuw5m76t5TcyQiD7tNl6o=
github.com/jszwedko/go-circleci v0.0.0-20160911223459-615d5d968cf4/go.mod h1:z1630OiB7oGxZwE90het04Ld7rIu0AKvY9JCRnaBdoE=
github.com/mattn/go-colorable v0.0.7 h1:zh4kz16dcPG+l666m12h0+dO2HGnQ1ngy7crMErE2UU=
github.com/mattn/go-colorable v0.0.7/go.mod h1:9vuHe8Xs5qXnSaW/c/ABM9alt+Vo+STaOChaDxuIBZU=
github.com/mattn/go-isatty v0.0.0-20160806122752-66b8e73f3f5c h1:3nKFouDdpgGUV/uerJcYWH45ZbJzX0SiVWfTgmUeTzc=
github.com/mattn/go-isatty v0.0.0-20160806122752-66b8e73f3f5c/go.mod h1:M+lRXTBqGeGNdLjl/ufCoiOlB5xdOkqRJdNxMWT7Zi4=
golang.org/x/sys v0.0.0-20211103235746-7861aae1554b h1:1VkfZQv42XQlA/jchYumAnv1UPo6RgF9rJFkTgZIxO4=
golang.org/x/sys v0.0.0-20211103235746-7861aae1554b/go.mod h1:oPkhp1MJrh7nUepCBck5+mAzfO9JrbApNNgaTdGDITg=
